// !$*UTF8*$!
{
	archiveVersion = 1;
	classes = {
	};
	objectVersion = 46;
	objects = {

/* Begin PBXBuildFile section */
		841E78821E9CD138006815D3 /* AppDelegate.swift in Sources */ = {isa = PBXBuildFile; fileRef = 841E78811E9CD138006815D3 /* AppDelegate.swift */; };
		841E78841E9CD138006815D3 /* MetalViewController.swift in Sources */ = {isa = PBXBuildFile; fileRef = 841E78831E9CD138006815D3 /* MetalViewController.swift */; };
		841E78861E9CD138006815D3 /* Shaders.metal in Sources */ = {isa = PBXBuildFile; fileRef = 841E78851E9CD138006815D3 /* Shaders.metal */; };
		841E78881E9CD138006815D3 /* Assets.xcassets in Resources */ = {isa = PBXBuildFile; fileRef = 841E78871E9CD138006815D3 /* Assets.xcassets */; };
		841E788B1E9CD138006815D3 /* MainMenu.xib in Resources */ = {isa = PBXBuildFile; fileRef = 841E78891E9CD138006815D3 /* MainMenu.xib */; };
/* End PBXBuildFile section */

/* Begin PBXFileReference section */
		841E787E1E9CD138006815D3 /* BilinearFilteringDemo.app */ = {isa = PBXFileReference; explicitFileType = wrapper.application; includeInIndex = 0; path = BilinearFilteringDemo.app; sourceTree = BUILT_PRODUCTS_DIR; };
		841E78811E9CD138006815D3 /* AppDelegate.swift */ = {isa = PBXFileReference; lastKnownFileType = sourcecode.swift; path = AppDelegate.swift; sourceTree = "<group>"; };
		841E78831E9CD138006815D3 /* MetalViewController.swift */ = {isa = PBXFileReference; lastKnownFileType = sourcecode.swift; path = MetalViewController.swift; sourceTree = "<group>"; };
		841E78851E9CD138006815D3 /* Shaders.metal */ = {isa = PBXFileReference; lastKnownFileType = sourcecode.metal; path = Shaders.metal; sourceTree = "<group>"; };
		841E78871E9CD138006815D3 /* Assets.xcassets */ = {isa = PBXFileReference; lastKnownFileType = folder.assetcatalog; path = Assets.xcassets; sourceTree = "<group>"; };
		841E788A1E9CD138006815D3 /* Base */ = {isa = PBXFileReference; lastKnownFileType = file.xib; name = Base; path = Base.lproj/MainMenu.xib; sourceTree = "<group>"; };
		841E788C1E9CD138006815D3 /* Info.plist */ = {isa = PBXFileReference; lastKnownFileType = text.plist.xml; path = Info.plist; sourceTree = "<group>"; };
/* End PBXFileReference section */

/* Begin PBXFrameworksBuildPhase section */
		841E787B1E9CD138006815D3 /* Frameworks */ = {
			isa = PBXFrameworksBuildPhase;
			buildActionMask = 2147483647;
			files = (
			);
			runOnlyForDeploymentPostprocessing = 0;
		};
/* End PBXFrameworksBuildPhase section */

/* Begin PBXGroup section */
		841E78751E9CD138006815D3 = {
			isa = PBXGroup;
			children = (
				841E78801E9CD138006815D3 /* BilinearFilteringDemo */,
				841E787F1E9CD138006815D3 /* Products */,
			);
			sourceTree = "<group>";
		};
		841E787F1E9CD138006815D3 /* Products */ = {
			isa = PBXGroup;
			children = (
				841E787E1E9CD138006815D3 /* BilinearFilteringDemo.app */,
			);
			name = Products;
			sourceTree = "<group>";
		};
		841E78801E9CD138006815D3 /* BilinearFilteringDemo */ = {
			isa = PBXGroup;
			children = (
				841E78811E9CD138006815D3 /* AppDelegate.swift */,
				841E78831E9CD138006815D3 /* MetalViewController.swift */,
				841E78851E9CD138006815D3 /* Shaders.metal */,
				841E78871E9CD138006815D3 /* Assets.xcassets */,
				841E78891E9CD138006815D3 /* MainMenu.xib */,
				841E788C1E9CD138006815D3 /* Info.plist */,
			);
			path = BilinearFilteringDemo;
			sourceTree = "<group>";
		};
/* End PBXGroup section */

/* Begin PBXNativeTarget section */
		841E787D1E9CD138006815D3 /* BilinearFilteringDemo */ = {
			isa = PBXNativeTarget;
			buildConfigurationList = 841E788F1E9CD138006815D3 /* Build configuration list for PBXNativeTarget "BilinearFilteringDemo" */;
			buildPhases = (
				841E787A1E9CD138006815D3 /* Sources */,
				841E787B1E9CD138006815D3 /* Frameworks */,
				841E787C1E9CD138006815D3 /* Resources */,
			);
			buildRules = (
			);
			dependencies = (
			);
			name = BilinearFilteringDemo;
			productName = BilinearFilteringDemo;
			productReference = 841E787E1E9CD138006815D3 /* BilinearFilteringDemo.app */;
			productType = "com.apple.product-type.application";
		};
/* End PBXNativeTarget section */

/* Begin PBXProject section */
		841E78761E9CD138006815D3 /* Project object */ = {
			isa = PBXProject;
			attributes = {
				LastSwiftUpdateCheck = 0820;
				LastUpgradeCheck = 0820;
				ORGANIZATIONNAME = AppCoda;
				TargetAttributes = {
					841E787D1E9CD138006815D3 = {
						CreatedOnToolsVersion = 8.2.1;
						DevelopmentTeam = NM6CPTC9M9;
						ProvisioningStyle = Automatic;
					};
				};
			};
			buildConfigurationList = 841E78791E9CD138006815D3 /* Build configuration list for PBXProject "BilinearFilteringDemo" */;
			compatibilityVersion = "Xcode 3.2";
			developmentRegion = English;
			hasScannedForEncodings = 0;
			knownRegions = (
				en,
				Base,
			);
			mainGroup = 841E78751E9CD138006815D3;
			productRefGroup = 841E787F1E9CD138006815D3 /* Products */;
			projectDirPath = "";
			projectRoot = "";
			targets = (
				841E787D1E9CD138006815D3 /* BilinearFilteringDemo */,
			);
		};
/* End PBXProject section */

/* Begin PBXResourcesBuildPhase section */
		841E787C1E9CD138006815D3 /* Resources */ = {
			isa = PBXResourcesBuildPhase;
			buildActionMask = 2147483647;
			files = (
				841E78881E9CD138006815D3 /* Assets.xcassets in Resources */,
				841E788B1E9CD138006815D3 /* MainMenu.xib in Resources */,
			);
			runOnlyForDeploymentPostprocessing = 0;
		};
/* End PBXResourcesBuildPhase section */

/* Begin PBXSourcesBuildPhase section */
		841E787A1E9CD138006815D3 /* Sources */ = {
			isa = PBXSourcesBuildPhase;
			buildActionMask = 2147483647;
			files = (
				841E78861E9CD138006815D3 /* Shaders.metal in Sources */,
				841E78841E9CD138006815D3 /* MetalViewController.swift in Sources */,
				841E78821E9CD138006815D3 /* AppDelegate.swift in Sources */,
			);
			runOnlyForDeploymentPostprocessing = 0;
		};
/* End PBXSourcesBuildPhase section */

/* Begin PBXVariantGroup section */
		841E78891E9CD138006815D3 /* MainMenu.xib */ = {
			isa = PBXVariantGroup;
			children = (
				841E788A1E9CD138006815D3 /* Base */,
			);
			name = MainMenu.xib;
			sourceTree = "<group>";
		};
/* End PBXVariantGroup section */

/* Begin XCBuildConfiguration section */
		841E788D1E9CD138006815D3 /* Debug */ = {
			isa = XCBuildConfiguration;
			buildSettings = {
				ALWAYS_SEARCH_USER_PATHS = NO;
				CLANG_ANALYZER_NONNULL = YES;
				CLANG_CXX_LANGUAGE_STANDARD = "gnu++0x";
				CLANG_CXX_LIBRARY = "libc++";
				CLANG_ENABLE_MODULES = YES;
				CLANG_ENABLE_OBJC_ARC = YES;
				CLANG_WARN_BOOL_CONVERSION = YES;
				CLANG_WARN_CONSTANT_CONVERSION = YES;
				CLANG_WARN_DIRECT_OBJC_ISA_USAGE = YES_ERROR;
				CLANG_WARN_DOCUMENTATION_COMMENTS = YES;
				CLANG_WARN_EMPTY_BODY = YES;
				CLANG_WARN_ENUM_CONVERSION = YES;
				CLANG_WARN_INFINITE_RECURSION = YES;
				CLANG_WARN_INT_CONVERSION = YES;
				CLANG_WARN_OBJC_ROOT_CLASS = YES_ERROR;
				CLANG_WARN_SUSPICIOUS_MOVE = YES;
				CLANG_WARN_UNREACHABLE_CODE = YES;
				CLANG_WARN__DUPLICATE_METHOD_MATCH = YES;
				CODE_SIGN_IDENTITY = "-";
				COPY_PHASE_STRIP = NO;
				DEBUG_INFORMATION_FORMAT = dwarf;
				ENABLE_STRICT_OBJC_MSGSEND = YES;
				ENABLE_TESTABILITY = YES;
				GCC_C_LANGUAGE_STANDARD = gnu99;
				GCC_DYNAMIC_NO_PIC = NO;
				GCC_NO_COMMON_BLOCKS = YES;
				GCC_OPTIMIZATION_LEVEL = 0;
				GCC_PREPROCESSOR_DEFINITIONS = (
					"DEBUG=1",
					"$(inherited)",
				);
				GCC_WARN_64_TO_32_BIT_CONVERSION = YES;
				GCC_WARN_ABOUT_RETURN_TYPE = YES_ERROR;
				GCC_WARN_UNDECLARED_SELECTOR = YES;
				GCC_WARN_UNINITIALIZED_AUTOS = YES_AGGRESSIVE;
				GCC_WARN_UNUSED_FUNCTION = YES;
				GCC_WARN_UNUSED_VARIABLE = YES;
				MACOSX_DEPLOYMENT_TARGET = 10.12;
				MTL_ENABLE_DEBUG_INFO = YES;
				ONLY_ACTIVE_ARCH = YES;
				SDKROOT = macosx;
				SWIFT_ACTIVE_COMPILATION_CONDITIONS = DEBUG;
				SWIFT_OPTIMIZATION_LEVEL = "-Onone";
			};
			name = Debug;
		};
		841E788E1E9CD138006815D3 /* Release */ = {
			isa = XCBuildConfiguration;
			buildSettings = {
				ALWAYS_SEARCH_USER_PATHS = NO;
				CLANG_ANALYZER_NONNULL = YES;
				CLANG_CXX_LANGUAGE_STANDARD = "gnu++0x";
				CLANG_CXX_LIBRARY = "libc++";
				CLANG_ENABLE_MODULES = YES;
				CLANG_ENABLE_OBJC_ARC = YES;
				CLANG_WARN_BOOL_CONVERSION = YES;
				CLANG_WARN_CONSTANT_CONVERSION = YES;
				CLANG_WARN_DIRECT_OBJC_ISA_USAGE = YES_ERROR;
				CLANG_WARN_DOCUMENTATION_COMMENTS = YES;
				CLANG_WARN_EMPTY_BODY = YES;
				CLANG_WARN_ENUM_CONVERSION = YES;
				CLANG_WARN_INFINITE_RECURSION = YES;
				CLANG_WARN_INT_CONVERSION = YES;
				CLANG_WARN_OBJC_ROOT_CLASS = YES_ERROR;
				CLANG_WARN_SUSPICIOUS_MOVE = YES;
				CLANG_WARN_UNREACHABLE_CODE = YES;
				CLANG_WARN__DUPLICATE_METHOD_MATCH = YES;
				CODE_SIGN_IDENTITY = "-";
				COPY_PHASE_STRIP = NO;
				DEBUG_INFORMATION_FORMAT = "dwarf-with-dsym";
				ENABLE_NS_ASSERTIONS = NO;
				ENABLE_STRICT_OBJC_MSGSEND = YES;
				GCC_C_LANGUAGE_STANDARD = gnu99;
				GCC_NO_COMMON_BLOCKS = YES;
				GCC_WARN_64_TO_32_BIT_CONVERSION = YES;
				GCC_WARN_ABOUT_RETURN_TYPE = YES_ERROR;
				GCC_WARN_UNDECLARED_SELECTOR = YES;
				GCC_WARN_UNINITIALIZED_AUTOS = YES_AGGRESSIVE;
				GCC_WARN_UNUSED_FUNCTION = YES;
				GCC_WARN_UNUSED_VARIABLE = YES;
				MACOSX_DEPLOYMENT_TARGET = 10.12;
				MTL_ENABLE_DEBUG_INFO = NO;
				SDKROOT = macosx;
				SWIFT_OPTIMIZATION_LEVEL = "-Owholemodule";
			};
			name = Release;
		};
		841E78901E9CD138006815D3 /* Debug */ = {
			isa = XCBuildConfiguration;
			buildSettings = {
				ASSETCATALOG_COMPILER_APPICON_NAME = AppIcon;
				COMBINE_HIDPI_IMAGES = YES;
				DEVELOPMENT_TEAM = NM6CPTC9M9;
				INFOPLIST_FILE = BilinearFilteringDemo/Info.plist;
				LD_RUNPATH_SEARCH_PATHS = "$(inherited) @executable_path/../Frameworks";
				PRODUCT_BUNDLE_IDENTIFIER = com.AppCoda.BilinearFilteringDemo;
				PRODUCT_NAME = "$(TARGET_NAME)";
				SWIFT_VERSION = 3.0;
			};
			name = Debug;
		};
		841E78911E9CD138006815D3 /* Release */ = {
			isa = XCBuildConfiguration;
			buildSettings = {
				ASSETCATALOG_COMPILER_APPICON_NAME = AppIcon;
				COMBINE_HIDPI_IMAGES = YES;
				DEVELOPMENT_TEAM = NM6CPTC9M9;
				INFOPLIST_FILE = BilinearFilteringDemo/Info.plist;
				LD_RUNPATH_SEARCH_PATHS = "$(inherited) @executable_path/../Frameworks";
				PRODUCT_BUNDLE_IDENTIFIER = com.AppCoda.BilinearFilteringDemo;
				PRODUCT_NAME = "$(TARGET_NAME)";
				SWIFT_VERSION = 3.0;
			};
			name = Release;
		};
/* End XCBuildConfiguration section */

/* Begin XCConfigurationList section */
		841E78791E9CD138006815D3 /* Build configuration list for PBXProject "BilinearFilteringDemo" */ = {
			isa = XCConfigurationList;
			buildConfigurations = (
				841E788D1E9CD138006815D3 /* Debug */,
				841E788E1E9CD138006815D3 /* Release */,
			);
			defaultConfigurationIsVisible = 0;
			defaultConfigurationName = Release;
		};
		841E788F1E9CD138006815D3 /* Build configuration list for PBXNativeTarget "BilinearFilteringDemo" */ = {
			isa = XCConfigurationList;
			buildConfigurations = (
				841E78901E9CD138006815D3 /* Debug */,
				841E78911E9CD138006815D3 /* Release */,
			);
			defaultConfigurationIsVisible = 0;
		};
/* End XCConfigurationList section */
	};
	rootObject = 841E78761E9CD138006815D3 /* Project object */;
}
